
Microsoft Visual Studio Solution File, Format Version 12.00
# Visual Studio Version 17
VisualStudioVersion = 17.1.32210.238
MinimumVisualStudioVersion = 10.0.40219.1
Project("{FAE04EC0-301F-11D3-BF4B-00C04F79EFBC}") = "LAB2v2", "LAB2v2\LAB2v2.csproj", "{A157934F-97EB-46E1-8981-323BC0F3A808}"
EndProject
Global
	GlobalSection(SolutionConfigurationPlatforms) = preSolution
		Debug|Any CPU = Debug|Any CPU
		Release|Any CPU = Release|Any CPU
	EndGlobalSection
	GlobalSection(ProjectConfigurationPlatforms) = postSolution
		{A157934F-97EB-46E1-8981-323BC0F3A808}.Debug|Any CPU.ActiveCfg = Debug|Any CPU
		{A157934F-97EB-46E1-8981-323BC0F3A808}.Debug|Any CPU.Build.0 = Debug|Any CPU
		{A157934F-97EB-46E1-8981-323BC0F3A808}.Release|Any CPU.ActiveCfg = Release|Any CPU
		{A157934F-97EB-46E1-8981-323BC0F3A808}.Release|Any CPU.Build.0 = Release|Any CPU
	EndGlobalSection
	GlobalSection(SolutionProperties) = preSolution
		HideSolutionNode = FALSE
	EndGlobalSection
	GlobalSection(ExtensibilityGlobals) = postSolution
		SolutionGuid = {91C4446C-FE3D-4A8C-99AA-3B4DB762A699}
	EndGlobalSection
EndGlobal
